{
  "name": "@teqfw/cli",
  "version": "0.1.0",
  "lockfileVersion": 3,
  "requires": true,
  "packages": {
    "": {
      "name": "@teqfw/cli",
      "version": "0.1.0",
      "license": "Apache-2.0",
      "dependencies": {
        "@teqfw/log": "^0.1.0"
      },
      "bin": {
        "teq": "bin/teq.mjs"
      },
      "devDependencies": {
        "@teqfw/di": "^2.7.0"
      },
      "engines": {
        "node": ">=20"
      },
      "peerDependencies": {
        "@teqfw/di": "^2.7.0"
      }
    },
    "node_modules/@teqfw/di": {
      "version": "2.7.0",
      "resolved": "https://registry.npmjs.org/@teqfw/di/-/di-2.7.0.tgz",
      "integrity": "sha512-ioIfvdeimaNHXTgqZyBxsOyZeRY2APWs5odZpL7HiMcuOjkUoGyusAjg447w+jfiHon735WVoI93R4/eAdlXqQ==",
      "license": "Apache-2.0",
      "engines": {
        "node": ">=20"
      },
      "funding": {
        "type": "individual",
        "url": "https://github.com/sponsors/teqfw"
      }
    },
    "node_modules/@teqfw/log": {
      "version": "0.1.0",
      "resolved": "https://registry.npmjs.org/@teqfw/log/-/log-0.1.0.tgz",
      "integrity": "sha512-ICpHJS5m+j8UfXcCJEFnPAgiFQFwcfD5ao5eYGhHQFhxifQ+TGNU2NE+Diq+zkwp97gM4/+/hZxsGrnx6AKPNQ==",
      "license": "Apache-2.0",
      "dependencies": {
        "@teqfw/di": "^2.7.0"
      },
      "engines": {
        "node": ">=20"
      },
      "funding": {
        "type": "individual",
        "url": "https://github.com/sponsors/teqfw"
      }
    }
  }
}
